
Microsoft Visual Studio Solution File, Format Version 12.00
Project("{FAE04EC0-301F-11D3-BF4B-00C04F79EFBC}") = "csharp-knowledge-base", "csharp-knowledge-base\csharp-knowledge-base.csproj", "{AD9EBCF4-ACD8-4BF0-838A-1D68ACBCBDED}"
EndProject
Project("{2150E333-8FDC-42A3-9474-1A3956D46DE8}") = "SolutionItems", "SolutionItems", "{96EAD432-7A76-49F5-B213-3AD7E8A8D894}"
	ProjectSection(SolutionItems) = preProject
		README.md = README.md
		LICENSE = LICENSE
		Directory.Build.props = Directory.Build.props
		Directory.Packages.props = Directory.Packages.props
	EndProjectSection
EndProject
Project("{2150E333-8FDC-42A3-9474-1A3956D46DE8}") = "SOLID", "SOLID", "{42F8C74C-A412-4414-A4F3-D18335138EF0}"
	ProjectSection(SolutionItems) = preProject
		SOLID\SOLID.md = SOLID\SOLID.md
		SOLID\SRP.md = SOLID\SRP.md
		SOLID\OCP.md = SOLID\OCP.md
		SOLID\LSP.md = SOLID\LSP.md
		SOLID\ISP.md = SOLID\ISP.md
		SOLID\DIP.md = SOLID\DIP.md
	EndProjectSection
EndProject
Global
	GlobalSection(SolutionConfigurationPlatforms) = preSolution
		Debug|Any CPU = Debug|Any CPU
		Release|Any CPU = Release|Any CPU
	EndGlobalSection
	GlobalSection(ProjectConfigurationPlatforms) = postSolution
		{AD9EBCF4-ACD8-4BF0-838A-1D68ACBCBDED}.Debug|Any CPU.ActiveCfg = Debug|Any CPU
		{AD9EBCF4-ACD8-4BF0-838A-1D68ACBCBDED}.Debug|Any CPU.Build.0 = Debug|Any CPU
		{AD9EBCF4-ACD8-4BF0-838A-1D68ACBCBDED}.Release|Any CPU.ActiveCfg = Release|Any CPU
		{AD9EBCF4-ACD8-4BF0-838A-1D68ACBCBDED}.Release|Any CPU.Build.0 = Release|Any CPU
	EndGlobalSection
EndGlobal
